
Microsoft Visual Studio Solution File, Format Version 12.00
# Visual Studio Version 17
VisualStudioVersion = 17.0.31912.275
MinimumVisualStudioVersion = 10.0.40219.1
Project("{FAE04EC0-301F-11D3-BF4B-00C04F79EFBC}") = "Employee", "Employee\Employee.csproj", "{FA92CA7E-4753-4D63-8F0F-A4304B33D138}"
EndProject
Global
	GlobalSection(SolutionConfigurationPlatforms) = preSolution
		Debug|Any CPU = Debug|Any CPU
		Release|Any CPU = Release|Any CPU
	EndGlobalSection
	GlobalSection(ProjectConfigurationPlatforms) = postSolution
		{FA92CA7E-4753-4D63-8F0F-A4304B33D138}.Debug|Any CPU.ActiveCfg = Debug|Any CPU
		{FA92CA7E-4753-4D63-8F0F-A4304B33D138}.Debug|Any CPU.Build.0 = Debug|Any CPU
		{FA92CA7E-4753-4D63-8F0F-A4304B33D138}.Release|Any CPU.ActiveCfg = Release|Any CPU
		{FA92CA7E-4753-4D63-8F0F-A4304B33D138}.Release|Any CPU.Build.0 = Release|Any CPU
	EndGlobalSection
	GlobalSection(SolutionProperties) = preSolution
		HideSolutionNode = FALSE
	EndGlobalSection
	GlobalSection(ExtensibilityGlobals) = postSolution
		SolutionGuid = {15BD722E-8DDB-4CA3-872F-1A7B51980D90}
	EndGlobalSection
EndGlobal
